{
  "name": "example-app",
  "lockfileVersion": 3,
  "requires": true,
  "packages": {
    "": {
      "name": "example-app",
      "dependencies": {
        "create-next-app": "latest"
      }
    },
    "node_modules/create-next-app": {
      "version": "13.4.10",
      "resolved": "https://registry.npmjs.org/create-next-app/-/create-next-app-13.4.10.tgz",
      "integrity": "sha512-gWX2iCNZcPBf3hZ44HSXUxVOnvYEGh+2Sf5ks4nQjLtQXtg1huhmPFc0sZTmXvcSFvarBLtIS+VIs5qXgSsmIQ==",
      "bin": {
        "create-next-app": "dist/index.js"
      },
      "engines": {
        "node": ">=16.8.0"
      }
    }
  }
}
